
Microsoft Visual Studio Solution File, Format Version 12.00
# Visual Studio Version 16
VisualStudioVersion = 16.0.31729.503
MinimumVisualStudioVersion = 10.0.40219.1
Project("{FAE04EC0-301F-11D3-BF4B-00C04F79EFBC}") = "sistem_analizi_proje", "sistem_analizi_proje\sistem_analizi_proje.csproj", "{3C9A6330-F30C-4553-8ABB-097E2CFD6DAA}"
EndProject
Global
	GlobalSection(SolutionConfigurationPlatforms) = preSolution
		Debug|Any CPU = Debug|Any CPU
		Release|Any CPU = Release|Any CPU
	EndGlobalSection
	GlobalSection(ProjectConfigurationPlatforms) = postSolution
		{3C9A6330-F30C-4553-8ABB-097E2CFD6DAA}.Debug|Any CPU.ActiveCfg = Debug|Any CPU
		{3C9A6330-F30C-4553-8ABB-097E2CFD6DAA}.Debug|Any CPU.Build.0 = Debug|Any CPU
		{3C9A6330-F30C-4553-8ABB-097E2CFD6DAA}.Release|Any CPU.ActiveCfg = Release|Any CPU
		{3C9A6330-F30C-4553-8ABB-097E2CFD6DAA}.Release|Any CPU.Build.0 = Release|Any CPU
	EndGlobalSection
	GlobalSection(SolutionProperties) = preSolution
		HideSolutionNode = FALSE
	EndGlobalSection
	GlobalSection(ExtensibilityGlobals) = postSolution
		SolutionGuid = {3175AD9B-B515-4CBD-BDDE-60E28119F804}
	EndGlobalSection
EndGlobal
